
Microsoft Visual Studio Solution File, Format Version 12.00
# Visual Studio Version 16
VisualStudioVersion = 16.0.29519.181
MinimumVisualStudioVersion = 10.0.40219.1
Project("{FAE04EC0-301F-11D3-BF4B-00C04F79EFBC}") = "MiniBlazorApp1", "BlazorSample\MiniBlazorApp1.csproj", "{8AAD4763-6455-419C-B5B5-85BEB815FF04}"
EndProject
Project("{FAE04EC0-301F-11D3-BF4B-00C04F79EFBC}") = "RouteBlazorApp2", "RouteBlazorApp2\RouteBlazorApp2.csproj", "{D71BD2D1-69AF-4826-91E5-7EAF2BB9FCB4}"
EndProject
Project("{FAE04EC0-301F-11D3-BF4B-00C04F79EFBC}") = "SimpleButton3", "SimpleButton3\SimpleButton3.csproj", "{28A70773-96B5-49C2-8F34-9C739F1396EE}"
EndProject
Global
	GlobalSection(SolutionConfigurationPlatforms) = preSolution
		Debug|Any CPU = Debug|Any CPU
		Release|Any CPU = Release|Any CPU
	EndGlobalSection
	GlobalSection(ProjectConfigurationPlatforms) = postSolution
		{8AAD4763-6455-419C-B5B5-85BEB815FF04}.Debug|Any CPU.ActiveCfg = Debug|Any CPU
		{8AAD4763-6455-419C-B5B5-85BEB815FF04}.Debug|Any CPU.Build.0 = Debug|Any CPU
		{8AAD4763-6455-419C-B5B5-85BEB815FF04}.Release|Any CPU.ActiveCfg = Release|Any CPU
		{8AAD4763-6455-419C-B5B5-85BEB815FF04}.Release|Any CPU.Build.0 = Release|Any CPU
		{D71BD2D1-69AF-4826-91E5-7EAF2BB9FCB4}.Debug|Any CPU.ActiveCfg = Debug|Any CPU
		{D71BD2D1-69AF-4826-91E5-7EAF2BB9FCB4}.Debug|Any CPU.Build.0 = Debug|Any CPU
		{D71BD2D1-69AF-4826-91E5-7EAF2BB9FCB4}.Release|Any CPU.ActiveCfg = Release|Any CPU
		{D71BD2D1-69AF-4826-91E5-7EAF2BB9FCB4}.Release|Any CPU.Build.0 = Release|Any CPU
		{28A70773-96B5-49C2-8F34-9C739F1396EE}.Debug|Any CPU.ActiveCfg = Debug|Any CPU
		{28A70773-96B5-49C2-8F34-9C739F1396EE}.Debug|Any CPU.Build.0 = Debug|Any CPU
		{28A70773-96B5-49C2-8F34-9C739F1396EE}.Release|Any CPU.ActiveCfg = Release|Any CPU
		{28A70773-96B5-49C2-8F34-9C739F1396EE}.Release|Any CPU.Build.0 = Release|Any CPU
	EndGlobalSection
	GlobalSection(SolutionProperties) = preSolution
		HideSolutionNode = FALSE
	EndGlobalSection
	GlobalSection(ExtensibilityGlobals) = postSolution
		SolutionGuid = {E264D373-049C-4806-9778-830086938791}
	EndGlobalSection
EndGlobal
